<?xml version="1.0" encoding="utf-8"?>
<Project ToolsVersion="4.0" xmlns="http://schemas.microsoft.com/developer/msbuild/2003">
  <ItemGroup>
    <Filter Include="Source Files">
      <UniqueIdentifier>{4FC737F1-C7A5-4376-A066-2A32D752A2FF}</UniqueIdentifier>
      <Extensions>cpp;c;cc;cxx;def;odl;idl;hpj;bat;asm;asmx</Extensions>
    </Filter>
    <Filter Include="Header Files">
      <UniqueIdentifier>{93995380-89BD-4b04-88EB-625FBE52EBFB}</UniqueIdentifier>
      <Extensions>h;hh;hpp;hxx;hm;inl;inc;xsd</Extensions>
    </Filter>
    <Filter Include="Resource Files">
      <UniqueIdentifier>{67DA6AB6-F800-4c08-8B7A-83BB121AAD01}</UniqueIdentifier>
      <Extensions>rc;ico;cur;bmp;dlg;rc2;rct;bin;rgs;gif;jpg;jpeg;jpe;resx;tiff;tif;png;wav;mfcribbon-ms</Extensions>
    </Filter>
  </ItemGroup>
  <ItemGroup>
    <None Include="roomba.ino" />
  </ItemGroup>
  <ItemGroup>
    <ClInclude Include="__vm\.roomba.vsarduino.h">
      <Filter>Header Files</Filter>
    </ClInclude>
    <ClInclude Include="libs\NewLiquidCrystal_lib\FastIO.h">
      <Filter>Header Files</Filter>
    </ClInclude>
    <ClInclude Include="libs\NewLiquidCrystal_lib\I2CIO.h">
      <Filter>Header Files</Filter>
    </ClInclude>
    <ClInclude Include="libs\NewLiquidCrystal_lib\LCD.h">
      <Filter>Header Files</Filter>
    </ClInclude>
    <ClInclude Include="libs\NewLiquidCrystal_lib\LiquidCrystal.h">
      <Filter>Header Files</Filter>
    </ClInclude>
    <ClInclude Include="libs\NewLiquidCrystal_lib\LiquidCrystal_I2C.h">
      <Filter>Header Files</Filter>
    </ClInclude>
    <ClInclude Include="libs\NewLiquidCrystal_lib\LiquidCrystal_I2C_ByVac.h">
      <Filter>Header Files</Filter>
    </ClInclude>
    <ClInclude Include="libs\NewLiquidCrystal_lib\LiquidCrystal_SI2C.h">
      <Filter>Header Files</Filter>
    </ClInclude>
    <ClInclude Include="libs\NewLiquidCrystal_lib\LiquidCrystal_SR.h">
      <Filter>Header Files</Filter>
    </ClInclude>
    <ClInclude Include="libs\NewLiquidCrystal_lib\LiquidCrystal_SR1W.h">
      <Filter>Header Files</Filter>
    </ClInclude>
    <ClInclude Include="libs\NewLiquidCrystal_lib\LiquidCrystal_SR2W.h">
      <Filter>Header Files</Filter>
    </ClInclude>
    <ClInclude Include="libs\NewLiquidCrystal_lib\LiquidCrystal_SR3W.h">
      <Filter>Header Files</Filter>
    </ClInclude>
    <ClInclude Include="libs\NewLiquidCrystal_lib\SI2CIO.h">
      <Filter>Header Files</Filter>
    </ClInclude>
    <ClInclude Include="libs\NewLiquidCrystal_lib\SoftI2CMaster.h">
      <Filter>Header Files</Filter>
    </ClInclude>
    <ClInclude Include="libs\NewLiquidCrystal_lib\thirdparty libraries\SoftI2CMaster\SoftI2CMaster.h">
      <Filter>Header Files</Filter>
    </ClInclude>
    <ClInclude Include="libs\NewLiquidCrystal_lib\thirdparty libraries\SoftI2CMaster\examples\TSL2561Soft\TSL2561Soft.h">
      <Filter>Header Files</Filter>
    </ClInclude>
    <ClInclude Include="libs\NewLiquidCrystal_lib\thirdparty libraries\SoftI2CMaster_\SoftI2CMaster.h">
      <Filter>Header Files</Filter>
    </ClInclude>
    <ClInclude Include="libs\NewLiquidCrystal_lib\thirdparty libraries\TinyWireM\TinyWireM.h">
      <Filter>Header Files</Filter>
    </ClInclude>
    <ClInclude Include="libs\NewLiquidCrystal_lib\thirdparty libraries\TinyWireM\USI_TWI_Master.h">
      <Filter>Header Files</Filter>
    </ClInclude>
    <ClInclude Include="src\Bot.hpp">
      <Filter>Header Files</Filter>
    </ClInclude>
    <ClInclude Include="src\Leonidas.hpp">
      <Filter>Header Files</Filter>
    </ClInclude>
    <ClInclude Include="src\Odometry.hpp">
      <Filter>Header Files</Filter>
    </ClInclude>
    <ClInclude Include="src\Roomba.hpp">
      <Filter>Header Files</Filter>
    </ClInclude>
    <ClInclude Include="src\OpenInterface\Buttons.hpp">
      <Filter>Header Files</Filter>
    </ClInclude>
    <ClInclude Include="src\OpenInterface\ChargingState.hpp">
      <Filter>Header Files</Filter>
    </ClInclude>
    <ClInclude Include="src\OpenInterface\DigitNBits.hpp">
      <Filter>Header Files</Filter>
    </ClInclude>
    <ClInclude Include="src\OpenInterface\GroupPackets.hpp">
      <Filter>Header Files</Filter>
    </ClInclude>
    <ClInclude Include="src\OpenInterface\LightBumper.hpp">
      <Filter>Header Files</Filter>
    </ClInclude>
    <ClInclude Include="src\OpenInterface\Opcode.hpp">
      <Filter>Header Files</Filter>
    </ClInclude>
    <ClInclude Include="src\OpenInterface\Sensor.hpp">
      <Filter>Header Files</Filter>
    </ClInclude>
    <ClInclude Include="src\OpenInterface\GroupPackets\BatterySensors.hpp">
      <Filter>Header Files</Filter>
    </ClInclude>
    <ClInclude Include="src\OpenInterface\GroupPackets\CliffSensors.hpp">
      <Filter>Header Files</Filter>
    </ClInclude>
    <ClInclude Include="src\OpenInterface\GroupPackets\CliffSignalSensors.hpp">
      <Filter>Header Files</Filter>
    </ClInclude>
    <ClInclude Include="src\OpenInterface\GroupPackets\CurrentSensors.hpp">
      <Filter>Header Files</Filter>
    </ClInclude>
    <ClInclude Include="src\OpenInterface\GroupPackets\FeedbackSensors.hpp">
      <Filter>Header Files</Filter>
    </ClInclude>
    <ClInclude Include="src\OpenInterface\GroupPackets\Group0Packet.hpp">
      <Filter>Header Files</Filter>
    </ClInclude>
    <ClInclude Include="src\OpenInterface\GroupPackets\Group100Packet.hpp">
      <Filter>Header Files</Filter>
    </ClInclude>
    <ClInclude Include="src\OpenInterface\GroupPackets\Group101Packet.hpp">
      <Filter>Header Files</Filter>
    </ClInclude>
    <ClInclude Include="src\OpenInterface\GroupPackets\Group106Packet.hpp">
      <Filter>Header Files</Filter>
    </ClInclude>
    <ClInclude Include="src\OpenInterface\GroupPackets\Group107Packet.hpp">
      <Filter>Header Files</Filter>
    </ClInclude>
    <ClInclude Include="src\OpenInterface\GroupPackets\Group1Packet.hpp">
      <Filter>Header Files</Filter>
    </ClInclude>
    <ClInclude Include="src\OpenInterface\GroupPackets\Group2Packet.hpp">
      <Filter>Header Files</Filter>
    </ClInclude>
    <ClInclude Include="src\OpenInterface\GroupPackets\Group3Packet.hpp">
      <Filter>Header Files</Filter>
    </ClInclude>
    <ClInclude Include="src\OpenInterface\GroupPackets\Group4Packet.hpp">
      <Filter>Header Files</Filter>
    </ClInclude>
    <ClInclude Include="src\OpenInterface\GroupPackets\Group5Packet.hpp">
      <Filter>Header Files</Filter>
    </ClInclude>
    <ClInclude Include="src\OpenInterface\GroupPackets\Group6Packet.hpp">
      <Filter>Header Files</Filter>
    </ClInclude>
    <ClInclude Include="src\OpenInterface\GroupPackets\LightBumpSignalSensors.hpp">
      <Filter>Header Files</Filter>
    </ClInclude>
    <ClInclude Include="src\OpenInterface\GroupPackets\PositionSensors.hpp">
      <Filter>Header Files</Filter>
    </ClInclude>
    <ClInclude Include="src\OpenInterface\GroupPackets\Sensors.hpp">
      <Filter>Header Files</Filter>
    </ClInclude>
    <ClInclude Include="src\SerialUtils\SerialUtils.hpp">
      <Filter>Header Files</Filter>
    </ClInclude>
    <ClInclude Include="src\State\CalibrateAngleState.hpp">
      <Filter>Header Files</Filter>
    </ClInclude>
    <ClInclude Include="src\State\CalibrateDistanceState.hpp">
      <Filter>Header Files</Filter>
    </ClInclude>
    <ClInclude Include="src\State\DummyState.hpp">
      <Filter>Header Files</Filter>
    </ClInclude>
    <ClInclude Include="src\State\FaceState.hpp">
      <Filter>Header Files</Filter>
    </ClInclude>
    <ClInclude Include="src\State\IddleState.hpp">
      <Filter>Header Files</Filter>
    </ClInclude>
    <ClInclude Include="src\State\MenuState.hpp">
      <Filter>Header Files</Filter>
    </ClInclude>
    <ClInclude Include="src\State\PushState.hpp">
      <Filter>Header Files</Filter>
    </ClInclude>
    <ClInclude Include="src\State\SeekState.hpp">
      <Filter>Header Files</Filter>
    </ClInclude>
    <ClInclude Include="src\State\SquareCornerState.hpp">
      <Filter>Header Files</Filter>
    </ClInclude>
    <ClInclude Include="src\State\SquareSideState.hpp">
      <Filter>Header Files</Filter>
    </ClInclude>
    <ClInclude Include="src\State\State.hpp">
      <Filter>Header Files</Filter>
    </ClInclude>
  </ItemGroup>
  <ItemGroup>
    <ClCompile Include="libs\NewLiquidCrystal_lib\FastIO.cpp">
      <Filter>Source Files</Filter>
    </ClCompile>
    <ClCompile Include="libs\NewLiquidCrystal_lib\I2CIO.cpp">
      <Filter>Source Files</Filter>
    </ClCompile>
    <ClCompile Include="libs\NewLiquidCrystal_lib\LCD.cpp">
      <Filter>Source Files</Filter>
    </ClCompile>
    <ClCompile Include="libs\NewLiquidCrystal_lib\LiquidCrystal.cpp">
      <Filter>Source Files</Filter>
    </ClCompile>
    <ClCompile Include="libs\NewLiquidCrystal_lib\LiquidCrystal_I2C.cpp">
      <Filter>Source Files</Filter>
    </ClCompile>
    <ClCompile Include="libs\NewLiquidCrystal_lib\LiquidCrystal_I2C_ByVac.cpp">
      <Filter>Source Files</Filter>
    </ClCompile>
    <ClCompile Include="libs\NewLiquidCrystal_lib\LiquidCrystal_SI2C.cpp">
      <Filter>Source Files</Filter>
    </ClCompile>
    <ClCompile Include="libs\NewLiquidCrystal_lib\LiquidCrystal_SR.cpp">
      <Filter>Source Files</Filter>
    </ClCompile>
    <ClCompile Include="libs\NewLiquidCrystal_lib\LiquidCrystal_SR1W.cpp">
      <Filter>Source Files</Filter>
    </ClCompile>
    <ClCompile Include="libs\NewLiquidCrystal_lib\LiquidCrystal_SR2W.cpp">
      <Filter>Source Files</Filter>
    </ClCompile>
    <ClCompile Include="libs\NewLiquidCrystal_lib\LiquidCrystal_SR3W.cpp">
      <Filter>Source Files</Filter>
    </ClCompile>
    <ClCompile Include="libs\NewLiquidCrystal_lib\SI2CIO.cpp">
      <Filter>Source Files</Filter>
    </ClCompile>
    <ClCompile Include="libs\NewLiquidCrystal_lib\thirdparty libraries\SoftI2CMaster_\SoftI2CMaster.cpp">
      <Filter>Source Files</Filter>
    </ClCompile>
    <ClCompile Include="libs\NewLiquidCrystal_lib\thirdparty libraries\TinyWireM\TinyWireM.cpp">
      <Filter>Source Files</Filter>
    </ClCompile>
    <ClCompile Include="libs\NewLiquidCrystal_lib\thirdparty libraries\TinyWireM\USI_TWI_Master.cpp">
      <Filter>Source Files</Filter>
    </ClCompile>
    <ClCompile Include="src\Bot.cpp">
      <Filter>Source Files</Filter>
    </ClCompile>
    <ClCompile Include="src\Leonidas.cpp">
      <Filter>Source Files</Filter>
    </ClCompile>
    <ClCompile Include="src\Odometry.cpp">
      <Filter>Source Files</Filter>
    </ClCompile>
    <ClCompile Include="src\Roomba.cpp">
      <Filter>Source Files</Filter>
    </ClCompile>
    <ClCompile Include="src\SerialUtils\SerialUtils.cpp">
      <Filter>Source Files</Filter>
    </ClCompile>
    <ClCompile Include="src\State\CalibrateAngleState.cpp">
      <Filter>Source Files</Filter>
    </ClCompile>
    <ClCompile Include="src\State\CalibrateDistanceState.cpp">
      <Filter>Source Files</Filter>
    </ClCompile>
    <ClCompile Include="src\State\DummyState.cpp">
      <Filter>Source Files</Filter>
    </ClCompile>
    <ClCompile Include="src\State\FaceState.cpp">
      <Filter>Source Files</Filter>
    </ClCompile>
    <ClCompile Include="src\State\IddleState.cpp">
      <Filter>Source Files</Filter>
    </ClCompile>
    <ClCompile Include="src\State\MenuState.cpp">
      <Filter>Source Files</Filter>
    </ClCompile>
    <ClCompile Include="src\State\PushState.cpp">
      <Filter>Source Files</Filter>
    </ClCompile>
    <ClCompile Include="src\State\SeekState.cpp">
      <Filter>Source Files</Filter>
    </ClCompile>
    <ClCompile Include="src\State\SquareCornerState.cpp">
      <Filter>Source Files</Filter>
    </ClCompile>
    <ClCompile Include="src\State\SquareSideState.cpp">
      <Filter>Source Files</Filter>
    </ClCompile>
    <ClCompile Include="src\State\State.cpp">
      <Filter>Source Files</Filter>
    </ClCompile>
  </ItemGroup>
</Project>